<?xml version="1.0" encoding="UTF-8"?>
<!DOCTYPE plist PUBLIC "-//Apple//DTD PLIST 1.0//EN" "http://www.apple.com/DTDs/PropertyList-1.0.dtd">
<plist version="1.0">
<dict>
	<key>archiveVersion</key>
	<string>1</string>
	<key>classes</key>
	<dict/>
	<key>objectVersion</key>
	<string>46</string>
	<key>objects</key>
	<dict>
		<key>007C9D779D6B969E1AA6292F</key>
		<dict>
			<key>includeInIndex</key>
			<string>1</string>
			<key>isa</key>
			<string>PBXFileReference</string>
			<key>lastKnownFileType</key>
			<string>text.xcconfig</string>
			<key>name</key>
			<string>Pods-SpriteKitSimpleGame.release.xcconfig</string>
			<key>path</key>
			<string>Pods/Target Support Files/Pods-SpriteKitSimpleGame/Pods-SpriteKitSimpleGame.release.xcconfig</string>
			<key>sourceTree</key>
			<string>&lt;group&gt;</string>
		</dict>
		<key>00C79A1D2C1E9C36612F4533</key>
		<dict>
			<key>explicitFileType</key>
			<string>wrapper.framework</string>
			<key>includeInIndex</key>
			<string>0</string>
			<key>isa</key>
			<string>PBXFileReference</string>
			<key>path</key>
			<string>Pods_SpriteKitController.framework</string>
			<key>sourceTree</key>
			<string>BUILT_PRODUCTS_DIR</string>
		</dict>
		<key>16DE2B7E16355DD44803CA59</key>
		<dict>
			<key>buildActionMask</key>
			<string>2147483647</string>
			<key>files</key>
			<array/>
			<key>inputPaths</key>
			<array/>
			<key>isa</key>
			<string>PBXShellScriptBuildPhase</string>
			<key>name</key>
			<string>Check Pods Manifest.lock</string>
			<key>outputPaths</key>
			<array/>
			<key>runOnlyForDeploymentPostprocessing</key>
			<string>0</string>
			<key>shellPath</key>
			<string>/bin/sh</string>
			<key>shellScript</key>
			<string>diff "${PODS_ROOT}/../Podfile.lock" "${PODS_ROOT}/Manifest.lock" &gt; /dev/null
if [[ $? != 0 ]] ; then
    cat &lt;&lt; EOM
error: The sandbox is not in sync with the Podfile.lock. Run 'pod install' or update your CocoaPods installation.
EOM
    exit 1
fi
</string>
			<key>showEnvVarsInLog</key>
			<string>0</string>
		</dict>
		<key>218FF6D3418B8EA448BB321C</key>
		<dict>
			<key>explicitFileType</key>
			<string>wrapper.framework</string>
			<key>includeInIndex</key>
			<string>0</string>
			<key>isa</key>
			<string>PBXFileReference</string>
			<key>path</key>
			<string>Pods_SpriteKitSimpleGame.framework</string>
			<key>sourceTree</key>
			<string>BUILT_PRODUCTS_DIR</string>
		</dict>
		<key>352F98CA1BE3D0CB001D1D3E</key>
		<dict>
			<key>children</key>
			<array>
				<string>352F98D51BE3D0CB001D1D3E</string>
				<string>8CCBD9911CC6C8BD005DD501</string>
				<string>352F98D41BE3D0CB001D1D3E</string>
				<string>5210767B6F468AF261BD00C6</string>
				<string>9E2F4D59170EC5224BB3EB29</string>
			</array>
			<key>isa</key>
			<string>PBXGroup</string>
			<key>sourceTree</key>
			<string>&lt;group&gt;</string>
		</dict>
		<key>352F98CB1BE3D0CB001D1D3E</key>
		<dict>
			<key>attributes</key>
			<dict>
				<key>LastSwiftUpdateCheck</key>
				<string>0730</string>
				<key>LastUpgradeCheck</key>
				<string>0710</string>
				<key>ORGANIZATIONNAME</key>
				<string>Razeware LLC</string>
				<key>TargetAttributes</key>
				<dict>
					<key>352F98D21BE3D0CB001D1D3E</key>
					<dict>
						<key>CreatedOnToolsVersion</key>
						<string>7.1</string>
					</dict>
					<key>8CCBD98F1CC6C8BD005DD501</key>
					<dict>
						<key>CreatedOnToolsVersion</key>
						<string>7.3</string>
					</dict>
				</dict>
			</dict>
			<key>buildConfigurationList</key>
			<string>352F98CE1BE3D0CB001D1D3E</string>
			<key>compatibilityVersion</key>
			<string>Xcode 3.2</string>
			<key>developmentRegion</key>
			<string>English</string>
			<key>hasScannedForEncodings</key>
			<string>0</string>
			<key>isa</key>
			<string>PBXProject</string>
			<key>knownRegions</key>
			<array>
				<string>en</string>
				<string>Base</string>
			</array>
			<key>mainGroup</key>
			<string>352F98CA1BE3D0CB001D1D3E</string>
			<key>productRefGroup</key>
			<string>352F98D41BE3D0CB001D1D3E</string>
			<key>projectDirPath</key>
			<string></string>
			<key>projectReferences</key>
			<array/>
			<key>projectRoot</key>
			<string></string>
			<key>targets</key>
			<array>
				<string>352F98D21BE3D0CB001D1D3E</string>
				<string>8CCBD98F1CC6C8BD005DD501</string>
			</array>
		</dict>
		<key>352F98CE1BE3D0CB001D1D3E</key>
		<dict>
			<key>buildConfigurations</key>
			<array>
				<string>352F98E71BE3D0CB001D1D3E</string>
				<string>352F98E81BE3D0CB001D1D3E</string>
			</array>
			<key>defaultConfigurationIsVisible</key>
			<string>0</string>
			<key>defaultConfigurationName</key>
			<string>Release</string>
			<key>isa</key>
			<string>XCConfigurationList</string>
		</dict>
		<key>352F98CF1BE3D0CB001D1D3E</key>
		<dict>
			<key>buildActionMask</key>
			<string>2147483647</string>
			<key>files</key>
			<array>
				<string>352F98DB1BE3D0CB001D1D3E</string>
				<string>352F98DD1BE3D0CB001D1D3E</string>
				<string>352F98F61BE3D855001D1D3E</string>
				<string>352F98D71BE3D0CB001D1D3E</string>
			</array>
			<key>isa</key>
			<string>PBXSourcesBuildPhase</string>
			<key>runOnlyForDeploymentPostprocessing</key>
			<string>0</string>
		</dict>
		<key>352F98D01BE3D0CB001D1D3E</key>
		<dict>
			<key>buildActionMask</key>
			<string>2147483647</string>
			<key>files</key>
			<array>
				<string>B6A03F639582478DF5B3F387</string>
			</array>
			<key>isa</key>
			<string>PBXFrameworksBuildPhase</string>
			<key>runOnlyForDeploymentPostprocessing</key>
			<string>0</string>
		</dict>
		<key>352F98D11BE3D0CB001D1D3E</key>
		<dict>
			<key>buildActionMask</key>
			<string>2147483647</string>
			<key>files</key>
			<array>
				<string>352F98F01BE3D1DF001D1D3E</string>
				<string>352F98E51BE3D0CB001D1D3E</string>
				<string>352F98E21BE3D0CB001D1D3E</string>
				<string>352F98F11BE3D1DF001D1D3E</string>
				<string>352F98F21BE3D1DF001D1D3E</string>
				<string>352F98E01BE3D0CB001D1D3E</string>
			</array>
			<key>isa</key>
			<string>PBXResourcesBuildPhase</string>
			<key>runOnlyForDeploymentPostprocessing</key>
			<string>0</string>
		</dict>
		<key>352F98D21BE3D0CB001D1D3E</key>
		<dict>
			<key>buildConfigurationList</key>
			<string>352F98E91BE3D0CB001D1D3E</string>
			<key>buildPhases</key>
			<array>
				<string>16DE2B7E16355DD44803CA59</string>
				<string>352F98CF1BE3D0CB001D1D3E</string>
				<string>352F98D01BE3D0CB001D1D3E</string>
				<string>352F98D11BE3D0CB001D1D3E</string>
				<string>44D84287CE6451D78F7470BA</string>
				<string>FA2A28AA55CB37D1E058C8B4</string>
			</array>
			<key>buildRules</key>
			<array/>
			<key>dependencies</key>
			<array/>
			<key>isa</key>
			<string>PBXNativeTarget</string>
			<key>name</key>
			<string>SpriteKitSimpleGame</string>
			<key>productName</key>
			<string>SpriteKitSimpleGame</string>
			<key>productReference</key>
			<string>352F98D31BE3D0CB001D1D3E</string>
			<key>productType</key>
			<string>com.apple.product-type.application</string>
		</dict>
		<key>352F98D31BE3D0CB001D1D3E</key>
		<dict>
			<key>explicitFileType</key>
			<string>wrapper.application</string>
			<key>includeInIndex</key>
			<string>0</string>
			<key>isa</key>
			<string>PBXFileReference</string>
			<key>path</key>
			<string>SpriteKitSimpleGame.app</string>
			<key>sourceTree</key>
			<string>BUILT_PRODUCTS_DIR</string>
		</dict>
		<key>352F98D41BE3D0CB001D1D3E</key>
		<dict>
			<key>children</key>
			<array>
				<string>352F98D31BE3D0CB001D1D3E</string>
				<string>8CCBD9901CC6C8BD005DD501</string>
			</array>
			<key>isa</key>
			<string>PBXGroup</string>
			<key>name</key>
			<string>Products</string>
			<key>sourceTree</key>
			<string>&lt;group&gt;</string>
		</dict>
		<key>352F98D51BE3D0CB001D1D3E</key>
		<dict>
			<key>children</key>
			<array>
				<string>352F98EC1BE3D1DF001D1D3E</string>
				<string>352F98EF1BE3D1DF001D1D3E</string>
				<string>352F98D61BE3D0CB001D1D3E</string>
				<string>352F98DA1BE3D0CB001D1D3E</string>
				<string>352F98DC1BE3D0CB001D1D3E</string>
				<string>352F98DE1BE3D0CB001D1D3E</string>
				<string>352F98E11BE3D0CB001D1D3E</string>
				<string>352F98E31BE3D0CB001D1D3E</string>
				<string>352F98E61BE3D0CB001D1D3E</string>
				<string>352F98F51BE3D855001D1D3E</string>
			</array>
			<key>isa</key>
			<string>PBXGroup</string>
			<key>path</key>
			<string>SpriteKitSimpleGame</string>
			<key>sourceTree</key>
			<string>&lt;group&gt;</string>
		</dict>
		<key>352F98D61BE3D0CB001D1D3E</key>
		<dict>
			<key>isa</key>
			<string>PBXFileReference</string>
			<key>lastKnownFileType</key>
			<string>sourcecode.swift</string>
			<key>path</key>
			<string>AppDelegate.swift</string>
			<key>sourceTree</key>
			<string>&lt;group&gt;</string>
		</dict>
		<key>352F98D71BE3D0CB001D1D3E</key>
		<dict>
			<key>fileRef</key>
			<string>352F98D61BE3D0CB001D1D3E</string>
			<key>isa</key>
			<string>PBXBuildFile</string>
		</dict>
		<key>352F98DA1BE3D0CB001D1D3E</key>
		<dict>
			<key>isa</key>
			<string>PBXFileReference</string>
			<key>lastKnownFileType</key>
			<string>sourcecode.swift</string>
			<key>path</key>
			<string>GameScene.swift</string>
			<key>sourceTree</key>
			<string>&lt;group&gt;</string>
		</dict>
		<key>352F98DB1BE3D0CB001D1D3E</key>
		<dict>
			<key>fileRef</key>
			<string>352F98DA1BE3D0CB001D1D3E</string>
			<key>isa</key>
			<string>PBXBuildFile</string>
		</dict>
		<key>352F98DC1BE3D0CB001D1D3E</key>
		<dict>
			<key>isa</key>
			<string>PBXFileReference</string>
			<key>lastKnownFileType</key>
			<string>sourcecode.swift</string>
			<key>path</key>
			<string>GameViewController.swift</string>
			<key>sourceTree</key>
			<string>&lt;group&gt;</string>
		</dict>
		<key>352F98DD1BE3D0CB001D1D3E</key>
		<dict>
			<key>fileRef</key>
			<string>352F98DC1BE3D0CB001D1D3E</string>
			<key>isa</key>
			<string>PBXBuildFile</string>
		</dict>
		<key>352F98DE1BE3D0CB001D1D3E</key>
		<dict>
			<key>children</key>
			<array>
				<string>352F98DF1BE3D0CB001D1D3E</string>
			</array>
			<key>isa</key>
			<string>PBXVariantGroup</string>
			<key>name</key>
			<string>Main.storyboard</string>
			<key>sourceTree</key>
			<string>&lt;group&gt;</string>
		</dict>
		<key>352F98DF1BE3D0CB001D1D3E</key>
		<dict>
			<key>isa</key>
			<string>PBXFileReference</string>
			<key>lastKnownFileType</key>
			<string>file.storyboard</string>
			<key>name</key>
			<string>Base</string>
			<key>path</key>
			<string>Base.lproj/Main.storyboard</string>
			<key>sourceTree</key>
			<string>&lt;group&gt;</string>
		</dict>
		<key>352F98E01BE3D0CB001D1D3E</key>
		<dict>
			<key>fileRef</key>
			<string>352F98DE1BE3D0CB001D1D3E</string>
			<key>isa</key>
			<string>PBXBuildFile</string>
		</dict>
		<key>352F98E11BE3D0CB001D1D3E</key>
		<dict>
			<key>isa</key>
			<string>PBXFileReference</string>
			<key>lastKnownFileType</key>
			<string>folder.assetcatalog</string>
			<key>path</key>
			<string>Assets.xcassets</string>
			<key>sourceTree</key>
			<string>&lt;group&gt;</string>
		</dict>
		<key>352F98E21BE3D0CB001D1D3E</key>
		<dict>
			<key>fileRef</key>
			<string>352F98E11BE3D0CB001D1D3E</string>
			<key>isa</key>
			<string>PBXBuildFile</string>
		</dict>
		<key>352F98E31BE3D0CB001D1D3E</key>
		<dict>
			<key>children</key>
			<array>
				<string>352F98E41BE3D0CB001D1D3E</string>
			</array>
			<key>isa</key>
			<string>PBXVariantGroup</string>
			<key>name</key>
			<string>LaunchScreen.storyboard</string>
			<key>sourceTree</key>
			<string>&lt;group&gt;</string>
		</dict>
		<key>352F98E41BE3D0CB001D1D3E</key>
		<dict>
			<key>isa</key>
			<string>PBXFileReference</string>
			<key>lastKnownFileType</key>
			<string>file.storyboard</string>
			<key>name</key>
			<string>Base</string>
			<key>path</key>
			<string>Base.lproj/LaunchScreen.storyboard</string>
			<key>sourceTree</key>
			<string>&lt;group&gt;</string>
		</dict>
		<key>352F98E51BE3D0CB001D1D3E</key>
		<dict>
			<key>fileRef</key>
			<string>352F98E31BE3D0CB001D1D3E</string>
			<key>isa</key>
			<string>PBXBuildFile</string>
		</dict>
		<key>352F98E61BE3D0CB001D1D3E</key>
		<dict>
			<key>isa</key>
			<string>PBXFileReference</string>
			<key>lastKnownFileType</key>
			<string>text.plist.xml</string>
			<key>path</key>
			<string>Info.plist</string>
			<key>sourceTree</key>
			<string>&lt;group&gt;</string>
		</dict>
		<key>352F98E71BE3D0CB001D1D3E</key>
		<dict>
			<key>buildSettings</key>
			<dict>
				<key>ALWAYS_SEARCH_USER_PATHS</key>
				<string>NO</string>
				<key>CLANG_CXX_LANGUAGE_STANDARD</key>
				<string>gnu++0x</string>
				<key>CLANG_CXX_LIBRARY</key>
				<string>libc++</string>
				<key>CLANG_ENABLE_MODULES</key>
				<string>YES</string>
				<key>CLANG_ENABLE_OBJC_ARC</key>
				<string>YES</string>
				<key>CLANG_WARN_BOOL_CONVERSION</key>
				<string>YES</string>
				<key>CLANG_WARN_CONSTANT_CONVERSION</key>
				<string>YES</string>
				<key>CLANG_WARN_DIRECT_OBJC_ISA_USAGE</key>
				<string>YES_ERROR</string>
				<key>CLANG_WARN_EMPTY_BODY</key>
				<string>YES</string>
				<key>CLANG_WARN_ENUM_CONVERSION</key>
				<string>YES</string>
				<key>CLANG_WARN_INT_CONVERSION</key>
				<string>YES</string>
				<key>CLANG_WARN_OBJC_ROOT_CLASS</key>
				<string>YES_ERROR</string>
				<key>CLANG_WARN_UNREACHABLE_CODE</key>
				<string>YES</string>
				<key>CLANG_WARN__DUPLICATE_METHOD_MATCH</key>
				<string>YES</string>
				<key>CODE_SIGN_IDENTITY[sdk=iphoneos*]</key>
				<string>iPhone Developer</string>
				<key>COPY_PHASE_STRIP</key>
				<string>NO</string>
				<key>DEBUG_INFORMATION_FORMAT</key>
				<string>dwarf-with-dsym</string>
				<key>ENABLE_STRICT_OBJC_MSGSEND</key>
				<string>YES</string>
				<key>ENABLE_TESTABILITY</key>
				<string>YES</string>
				<key>GCC_C_LANGUAGE_STANDARD</key>
				<string>gnu99</string>
				<key>GCC_DYNAMIC_NO_PIC</key>
				<string>NO</string>
				<key>GCC_NO_COMMON_BLOCKS</key>
				<string>YES</string>
				<key>GCC_OPTIMIZATION_LEVEL</key>
				<string>0</string>
				<key>GCC_PREPROCESSOR_DEFINITIONS</key>
				<array>
					<string>DEBUG=1</string>
					<string>$(inherited)</string>
				</array>
				<key>GCC_WARN_64_TO_32_BIT_CONVERSION</key>
				<string>YES</string>
				<key>GCC_WARN_ABOUT_RETURN_TYPE</key>
				<string>YES_ERROR</string>
				<key>GCC_WARN_UNDECLARED_SELECTOR</key>
				<string>YES</string>
				<key>GCC_WARN_UNINITIALIZED_AUTOS</key>
				<string>YES_AGGRESSIVE</string>
				<key>GCC_WARN_UNUSED_FUNCTION</key>
				<string>YES</string>
				<key>GCC_WARN_UNUSED_VARIABLE</key>
				<string>YES</string>
				<key>IPHONEOS_DEPLOYMENT_TARGET</key>
				<string>9.1</string>
				<key>MTL_ENABLE_DEBUG_INFO</key>
				<string>YES</string>
				<key>ONLY_ACTIVE_ARCH</key>
				<string>YES</string>
				<key>SDKROOT</key>
				<string>iphoneos</string>
				<key>SWIFT_OPTIMIZATION_LEVEL</key>
				<string>-Onone</string>
			</dict>
			<key>isa</key>
			<string>XCBuildConfiguration</string>
			<key>name</key>
			<string>Debug</string>
		</dict>
		<key>352F98E81BE3D0CB001D1D3E</key>
		<dict>
			<key>buildSettings</key>
			<dict>
				<key>ALWAYS_SEARCH_USER_PATHS</key>
				<string>NO</string>
				<key>CLANG_CXX_LANGUAGE_STANDARD</key>
				<string>gnu++0x</string>
				<key>CLANG_CXX_LIBRARY</key>
				<string>libc++</string>
				<key>CLANG_ENABLE_MODULES</key>
				<string>YES</string>
				<key>CLANG_ENABLE_OBJC_ARC</key>
				<string>YES</string>
				<key>CLANG_WARN_BOOL_CONVERSION</key>
				<string>YES</string>
				<key>CLANG_WARN_CONSTANT_CONVERSION</key>
				<string>YES</string>
				<key>CLANG_WARN_DIRECT_OBJC_ISA_USAGE</key>
				<string>YES_ERROR</string>
				<key>CLANG_WARN_EMPTY_BODY</key>
				<string>YES</string>
				<key>CLANG_WARN_ENUM_CONVERSION</key>
				<string>YES</string>
				<key>CLANG_WARN_INT_CONVERSION</key>
				<string>YES</string>
				<key>CLANG_WARN_OBJC_ROOT_CLASS</key>
				<string>YES_ERROR</string>
				<key>CLANG_WARN_UNREACHABLE_CODE</key>
				<string>YES</string>
				<key>CLANG_WARN__DUPLICATE_METHOD_MATCH</key>
				<string>YES</string>
				<key>CODE_SIGN_IDENTITY[sdk=iphoneos*]</key>
				<string>iPhone Developer</string>
				<key>COPY_PHASE_STRIP</key>
				<string>NO</string>
				<key>DEBUG_INFORMATION_FORMAT</key>
				<string>dwarf-with-dsym</string>
				<key>ENABLE_NS_ASSERTIONS</key>
				<string>NO</string>
				<key>ENABLE_STRICT_OBJC_MSGSEND</key>
				<string>YES</string>
				<key>GCC_C_LANGUAGE_STANDARD</key>
				<string>gnu99</string>
				<key>GCC_NO_COMMON_BLOCKS</key>
				<string>YES</string>
				<key>GCC_WARN_64_TO_32_BIT_CONVERSION</key>
				<string>YES</string>
				<key>GCC_WARN_ABOUT_RETURN_TYPE</key>
				<string>YES_ERROR</string>
				<key>GCC_WARN_UNDECLARED_SELECTOR</key>
				<string>YES</string>
				<key>GCC_WARN_UNINITIALIZED_AUTOS</key>
				<string>YES_AGGRESSIVE</string>
				<key>GCC_WARN_UNUSED_FUNCTION</key>
				<string>YES</string>
				<key>GCC_WARN_UNUSED_VARIABLE</key>
				<string>YES</string>
				<key>IPHONEOS_DEPLOYMENT_TARGET</key>
				<string>9.1</string>
				<key>MTL_ENABLE_DEBUG_INFO</key>
				<string>NO</string>
				<key>SDKROOT</key>
				<string>iphoneos</string>
				<key>VALIDATE_PRODUCT</key>
				<string>YES</string>
			</dict>
			<key>isa</key>
			<string>XCBuildConfiguration</string>
			<key>name</key>
			<string>Release</string>
		</dict>
		<key>352F98E91BE3D0CB001D1D3E</key>
		<dict>
			<key>buildConfigurations</key>
			<array>
				<string>352F98EA1BE3D0CB001D1D3E</string>
				<string>352F98EB1BE3D0CB001D1D3E</string>
			</array>
			<key>defaultConfigurationIsVisible</key>
			<string>0</string>
			<key>defaultConfigurationName</key>
			<string>Release</string>
			<key>isa</key>
			<string>XCConfigurationList</string>
		</dict>
		<key>352F98EA1BE3D0CB001D1D3E</key>
		<dict>
			<key>baseConfigurationReference</key>
			<string>E98D26983B38C13C0E0BD237</string>
			<key>buildSettings</key>
			<dict>
				<key>ASSETCATALOG_COMPILER_APPICON_NAME</key>
				<string>AppIcon</string>
				<key>INFOPLIST_FILE</key>
				<string>SpriteKitSimpleGame/Info.plist</string>
				<key>LD_RUNPATH_SEARCH_PATHS</key>
				<string>$(inherited) @executable_path/Frameworks</string>
				<key>PRODUCT_BUNDLE_IDENTIFIER</key>
				<string>com.razeware.SpriteKitSimpleGame</string>
				<key>PRODUCT_NAME</key>
				<string>$(TARGET_NAME)</string>
			</dict>
			<key>isa</key>
			<string>XCBuildConfiguration</string>
			<key>name</key>
			<string>Debug</string>
		</dict>
		<key>352F98EB1BE3D0CB001D1D3E</key>
		<dict>
			<key>baseConfigurationReference</key>
			<string>007C9D779D6B969E1AA6292F</string>
			<key>buildSettings</key>
			<dict>
				<key>ASSETCATALOG_COMPILER_APPICON_NAME</key>
				<string>AppIcon</string>
				<key>INFOPLIST_FILE</key>
				<string>SpriteKitSimpleGame/Info.plist</string>
				<key>LD_RUNPATH_SEARCH_PATHS</key>
				<string>$(inherited) @executable_path/Frameworks</string>
				<key>PRODUCT_BUNDLE_IDENTIFIER</key>
				<string>com.razeware.SpriteKitSimpleGame</string>
				<key>PRODUCT_NAME</key>
				<string>$(TARGET_NAME)</string>
			</dict>
			<key>isa</key>
			<string>XCBuildConfiguration</string>
			<key>name</key>
			<string>Release</string>
		</dict>
		<key>352F98EC1BE3D1DF001D1D3E</key>
		<dict>
			<key>children</key>
			<array>
				<string>352F98ED1BE3D1DF001D1D3E</string>
				<string>352F98EE1BE3D1DF001D1D3E</string>
			</array>
			<key>isa</key>
			<string>PBXGroup</string>
			<key>path</key>
			<string>Sounds</string>
			<key>sourceTree</key>
			<string>&lt;group&gt;</string>
		</dict>
		<key>352F98ED1BE3D1DF001D1D3E</key>
		<dict>
			<key>isa</key>
			<string>PBXFileReference</string>
			<key>lastKnownFileType</key>
			<string>file</string>
			<key>path</key>
			<string>background-music-aac.caf</string>
			<key>sourceTree</key>
			<string>&lt;group&gt;</string>
		</dict>
		<key>352F98EE1BE3D1DF001D1D3E</key>
		<dict>
			<key>isa</key>
			<string>PBXFileReference</string>
			<key>lastKnownFileType</key>
			<string>file</string>
			<key>path</key>
			<string>pew-pew-lei.caf</string>
			<key>sourceTree</key>
			<string>&lt;group&gt;</string>
		</dict>
		<key>352F98EF1BE3D1DF001D1D3E</key>
		<dict>
			<key>isa</key>
			<string>PBXFileReference</string>
			<key>lastKnownFileType</key>
			<string>folder.skatlas</string>
			<key>path</key>
			<string>sprites.atlas</string>
			<key>sourceTree</key>
			<string>&lt;group&gt;</string>
		</dict>
		<key>352F98F01BE3D1DF001D1D3E</key>
		<dict>
			<key>fileRef</key>
			<string>352F98ED1BE3D1DF001D1D3E</string>
			<key>isa</key>
			<string>PBXBuildFile</string>
		</dict>
		<key>352F98F11BE3D1DF001D1D3E</key>
		<dict>
			<key>fileRef</key>
			<string>352F98EE1BE3D1DF001D1D3E</string>
			<key>isa</key>
			<string>PBXBuildFile</string>
		</dict>
		<key>352F98F21BE3D1DF001D1D3E</key>
		<dict>
			<key>fileRef</key>
			<string>352F98EF1BE3D1DF001D1D3E</string>
			<key>isa</key>
			<string>PBXBuildFile</string>
		</dict>
		<key>352F98F51BE3D855001D1D3E</key>
		<dict>
			<key>fileEncoding</key>
			<string>4</string>
			<key>isa</key>
			<string>PBXFileReference</string>
			<key>lastKnownFileType</key>
			<string>sourcecode.swift</string>
			<key>path</key>
			<string>GameOverScene.swift</string>
			<key>sourceTree</key>
			<string>&lt;group&gt;</string>
		</dict>
		<key>352F98F61BE3D855001D1D3E</key>
		<dict>
			<key>fileRef</key>
			<string>352F98F51BE3D855001D1D3E</string>
			<key>isa</key>
			<string>PBXBuildFile</string>
		</dict>
		<key>44D84287CE6451D78F7470BA</key>
		<dict>
			<key>buildActionMask</key>
			<string>2147483647</string>
			<key>files</key>
			<array/>
			<key>inputPaths</key>
			<array/>
			<key>isa</key>
			<string>PBXShellScriptBuildPhase</string>
			<key>name</key>
			<string>Embed Pods Frameworks</string>
			<key>outputPaths</key>
			<array/>
			<key>runOnlyForDeploymentPostprocessing</key>
			<string>0</string>
			<key>shellPath</key>
			<string>/bin/sh</string>
			<key>shellScript</key>
			<string>"${SRCROOT}/Pods/Target Support Files/Pods-SpriteKitSimpleGame/Pods-SpriteKitSimpleGame-frameworks.sh"
</string>
			<key>showEnvVarsInLog</key>
			<string>0</string>
		</dict>
		<key>5210767B6F468AF261BD00C6</key>
		<dict>
			<key>children</key>
			<array>
				<string>88E6D871250ABA135A8397C5</string>
				<string>AAE3D0F6A787CB2BBEE8FF7D</string>
				<string>E98D26983B38C13C0E0BD237</string>
				<string>007C9D779D6B969E1AA6292F</string>
			</array>
			<key>isa</key>
			<string>PBXGroup</string>
			<key>name</key>
			<string>Pods</string>
			<key>sourceTree</key>
			<string>&lt;group&gt;</string>
		</dict>
		<key>757A91650CD3A10174F01786</key>
		<dict>
			<key>buildActionMask</key>
			<string>2147483647</string>
			<key>files</key>
			<array/>
			<key>inputPaths</key>
			<array/>
			<key>isa</key>
			<string>PBXShellScriptBuildPhase</string>
			<key>name</key>
			<string>Copy Pods Resources</string>
			<key>outputPaths</key>
			<array/>
			<key>runOnlyForDeploymentPostprocessing</key>
			<string>0</string>
			<key>shellPath</key>
			<string>/bin/sh</string>
			<key>shellScript</key>
			<string>"${SRCROOT}/Pods/Target Support Files/Pods-SpriteKitController/Pods-SpriteKitController-resources.sh"
</string>
			<key>showEnvVarsInLog</key>
			<string>0</string>
		</dict>
		<key>88E6D871250ABA135A8397C5</key>
		<dict>
			<key>includeInIndex</key>
			<string>1</string>
			<key>isa</key>
			<string>PBXFileReference</string>
			<key>lastKnownFileType</key>
			<string>text.xcconfig</string>
			<key>name</key>
			<string>Pods-SpriteKitController.debug.xcconfig</string>
			<key>path</key>
			<string>Pods/Target Support Files/Pods-SpriteKitController/Pods-SpriteKitController.debug.xcconfig</string>
			<key>sourceTree</key>
			<string>&lt;group&gt;</string>
		</dict>
		<key>8CCBD98C1CC6C8BD005DD501</key>
		<dict>
			<key>buildActionMask</key>
			<string>2147483647</string>
			<key>files</key>
			<array>
				<string>8CCBD9951CC6C8BD005DD501</string>
				<string>8CCBD9931CC6C8BD005DD501</string>
				<string>8CCBD99B1CC6C8BD005DD501</string>
			</array>
			<key>isa</key>
			<string>PBXSourcesBuildPhase</string>
			<key>runOnlyForDeploymentPostprocessing</key>
			<string>0</string>
		</dict>
		<key>8CCBD98D1CC6C8BD005DD501</key>
		<dict>
			<key>buildActionMask</key>
			<string>2147483647</string>
			<key>files</key>
			<array>
				<string>A08B23DEBAFBD34681D1EBFD</string>
			</array>
			<key>isa</key>
			<string>PBXFrameworksBuildPhase</string>
			<key>runOnlyForDeploymentPostprocessing</key>
			<string>0</string>
		</dict>
		<key>8CCBD98E1CC6C8BD005DD501</key>
		<dict>
			<key>buildActionMask</key>
			<string>2147483647</string>
			<key>files</key>
			<array>
				<string>8CCBD9A01CC6C8BD005DD501</string>
				<string>8CCBD99D1CC6C8BD005DD501</string>
				<string>8CCBD9981CC6C8BD005DD501</string>
			</array>
			<key>isa</key>
			<string>PBXResourcesBuildPhase</string>
			<key>runOnlyForDeploymentPostprocessing</key>
			<string>0</string>
		</dict>
		<key>8CCBD98F1CC6C8BD005DD501</key>
		<dict>
			<key>buildConfigurationList</key>
			<string>8CCBD9A41CC6C8BD005DD501</string>
			<key>buildPhases</key>
			<array>
				<string>CE9E20012C83B9065A5AE482</string>
				<string>8CCBD98C1CC6C8BD005DD501</string>
				<string>8CCBD98D1CC6C8BD005DD501</string>
				<string>8CCBD98E1CC6C8BD005DD501</string>
				<string>9654DB5D469835E277027756</string>
				<string>757A91650CD3A10174F01786</string>
			</array>
			<key>buildRules</key>
			<array/>
			<key>dependencies</key>
			<array/>
			<key>isa</key>
			<string>PBXNativeTarget</string>
			<key>name</key>
			<string>SpriteKitController</string>
			<key>productName</key>
			<string>SpriteKitController</string>
			<key>productReference</key>
			<string>8CCBD9901CC6C8BD005DD501</string>
			<key>productType</key>
			<string>com.apple.product-type.application</string>
		</dict>
		<key>8CCBD9901CC6C8BD005DD501</key>
		<dict>
			<key>explicitFileType</key>
			<string>wrapper.application</string>
			<key>includeInIndex</key>
			<string>0</string>
			<key>isa</key>
			<string>PBXFileReference</string>
			<key>path</key>
			<string>SpriteKitController.app</string>
			<key>sourceTree</key>
			<string>BUILT_PRODUCTS_DIR</string>
		</dict>
		<key>8CCBD9911CC6C8BD005DD501</key>
		<dict>
			<key>children</key>
			<array>
				<string>8CCBD9921CC6C8BD005DD501</string>
				<string>8CCBD9941CC6C8BD005DD501</string>
				<string>8CCBD9961CC6C8BD005DD501</string>
				<string>8CCBD99C1CC6C8BD005DD501</string>
				<string>8CCBD99E1CC6C8BD005DD501</string>
				<string>8CCBD9A11CC6C8BD005DD501</string>
				<string>8CCBD9991CC6C8BD005DD501</string>
			</array>
			<key>isa</key>
			<string>PBXGroup</string>
			<key>path</key>
			<string>SpriteKitController</string>
			<key>sourceTree</key>
			<string>&lt;group&gt;</string>
		</dict>
		<key>8CCBD9921CC6C8BD005DD501</key>
		<dict>
			<key>isa</key>
			<string>PBXFileReference</string>
			<key>lastKnownFileType</key>
			<string>sourcecode.swift</string>
			<key>path</key>
			<string>AppDelegate.swift</string>
			<key>sourceTree</key>
			<string>&lt;group&gt;</string>
		</dict>
		<key>8CCBD9931CC6C8BD005DD501</key>
		<dict>
			<key>fileRef</key>
			<string>8CCBD9921CC6C8BD005DD501</string>
			<key>isa</key>
			<string>PBXBuildFile</string>
		</dict>
		<key>8CCBD9941CC6C8BD005DD501</key>
		<dict>
			<key>isa</key>
			<string>PBXFileReference</string>
			<key>lastKnownFileType</key>
			<string>sourcecode.swift</string>
			<key>path</key>
			<string>ViewController.swift</string>
			<key>sourceTree</key>
			<string>&lt;group&gt;</string>
		</dict>
		<key>8CCBD9951CC6C8BD005DD501</key>
		<dict>
			<key>fileRef</key>
			<string>8CCBD9941CC6C8BD005DD501</string>
			<key>isa</key>
			<string>PBXBuildFile</string>
		</dict>
		<key>8CCBD9961CC6C8BD005DD501</key>
		<dict>
			<key>children</key>
			<array>
				<string>8CCBD9971CC6C8BD005DD501</string>
			</array>
			<key>isa</key>
			<string>PBXVariantGroup</string>
			<key>name</key>
			<string>Main.storyboard</string>
			<key>sourceTree</key>
			<string>&lt;group&gt;</string>
		</dict>
		<key>8CCBD9971CC6C8BD005DD501</key>
		<dict>
			<key>isa</key>
			<string>PBXFileReference</string>
			<key>lastKnownFileType</key>
			<string>file.storyboard</string>
			<key>name</key>
			<string>Base</string>
			<key>path</key>
			<string>Base.lproj/Main.storyboard</string>
			<key>sourceTree</key>
			<string>&lt;group&gt;</string>
		</dict>
		<key>8CCBD9981CC6C8BD005DD501</key>
		<dict>
			<key>fileRef</key>
			<string>8CCBD9961CC6C8BD005DD501</string>
			<key>isa</key>
			<string>PBXBuildFile</string>
		</dict>
		<key>8CCBD9991CC6C8BD005DD501</key>
		<dict>
			<key>children</key>
			<array>
				<string>8CCBD99A1CC6C8BD005DD501</string>
			</array>
			<key>currentVersion</key>
			<string>8CCBD99A1CC6C8BD005DD501</string>
			<key>isa</key>
			<string>XCVersionGroup</string>
			<key>path</key>
			<string>SpriteKitController.xcdatamodeld</string>
			<key>sourceTree</key>
			<string>&lt;group&gt;</string>
			<key>versionGroupType</key>
			<string>wrapper.xcdatamodel</string>
		</dict>
		<key>8CCBD99A1CC6C8BD005DD501</key>
		<dict>
			<key>isa</key>
			<string>PBXFileReference</string>
			<key>lastKnownFileType</key>
			<string>wrapper.xcdatamodel</string>
			<key>path</key>
			<string>SpriteKitController.xcdatamodel</string>
			<key>sourceTree</key>
			<string>&lt;group&gt;</string>
		</dict>
		<key>8CCBD99B1CC6C8BD005DD501</key>
		<dict>
			<key>fileRef</key>
			<string>8CCBD9991CC6C8BD005DD501</string>
			<key>isa</key>
			<string>PBXBuildFile</string>
		</dict>
		<key>8CCBD99C1CC6C8BD005DD501</key>
		<dict>
			<key>isa</key>
			<string>PBXFileReference</string>
			<key>lastKnownFileType</key>
			<string>folder.assetcatalog</string>
			<key>path</key>
			<string>Assets.xcassets</string>
			<key>sourceTree</key>
			<string>&lt;group&gt;</string>
		</dict>
		<key>8CCBD99D1CC6C8BD005DD501</key>
		<dict>
			<key>fileRef</key>
			<string>8CCBD99C1CC6C8BD005DD501</string>
			<key>isa</key>
			<string>PBXBuildFile</string>
		</dict>
		<key>8CCBD99E1CC6C8BD005DD501</key>
		<dict>
			<key>children</key>
			<array>
				<string>8CCBD99F1CC6C8BD005DD501</string>
			</array>
			<key>isa</key>
			<string>PBXVariantGroup</string>
			<key>name</key>
			<string>LaunchScreen.storyboard</string>
			<key>sourceTree</key>
			<string>&lt;group&gt;</string>
		</dict>
		<key>8CCBD99F1CC6C8BD005DD501</key>
		<dict>
			<key>isa</key>
			<string>PBXFileReference</string>
			<key>lastKnownFileType</key>
			<string>file.storyboard</string>
			<key>name</key>
			<string>Base</string>
			<key>path</key>
			<string>Base.lproj/LaunchScreen.storyboard</string>
			<key>sourceTree</key>
			<string>&lt;group&gt;</string>
		</dict>
		<key>8CCBD9A01CC6C8BD005DD501</key>
		<dict>
			<key>fileRef</key>
			<string>8CCBD99E1CC6C8BD005DD501</string>
			<key>isa</key>
			<string>PBXBuildFile</string>
		</dict>
		<key>8CCBD9A11CC6C8BD005DD501</key>
		<dict>
			<key>isa</key>
			<string>PBXFileReference</string>
			<key>lastKnownFileType</key>
			<string>text.plist.xml</string>
			<key>path</key>
			<string>Info.plist</string>
			<key>sourceTree</key>
			<string>&lt;group&gt;</string>
		</dict>
		<key>8CCBD9A21CC6C8BD005DD501</key>
		<dict>
			<key>baseConfigurationReference</key>
			<string>88E6D871250ABA135A8397C5</string>
			<key>buildSettings</key>
			<dict>
				<key>ASSETCATALOG_COMPILER_APPICON_NAME</key>
				<string>AppIcon</string>
				<key>CLANG_ANALYZER_NONNULL</key>
				<string>YES</string>
				<key>DEBUG_INFORMATION_FORMAT</key>
				<string>dwarf</string>
				<key>INFOPLIST_FILE</key>
				<string>SpriteKitController/Info.plist</string>
				<key>IPHONEOS_DEPLOYMENT_TARGET</key>
				<string>9.3</string>
				<key>LD_RUNPATH_SEARCH_PATHS</key>
				<string>$(inherited) @executable_path/Frameworks</string>
				<key>PRODUCT_BUNDLE_IDENTIFIER</key>
				<string>com.Exis.SpriteKitController</string>
				<key>PRODUCT_NAME</key>
				<string>$(TARGET_NAME)</string>
			</dict>
			<key>isa</key>
			<string>XCBuildConfiguration</string>
			<key>name</key>
			<string>Debug</string>
		</dict>
		<key>8CCBD9A31CC6C8BD005DD501</key>
		<dict>
			<key>baseConfigurationReference</key>
			<string>AAE3D0F6A787CB2BBEE8FF7D</string>
			<key>buildSettings</key>
			<dict>
				<key>ASSETCATALOG_COMPILER_APPICON_NAME</key>
				<string>AppIcon</string>
				<key>CLANG_ANALYZER_NONNULL</key>
				<string>YES</string>
				<key>INFOPLIST_FILE</key>
				<string>SpriteKitController/Info.plist</string>
				<key>IPHONEOS_DEPLOYMENT_TARGET</key>
				<string>9.3</string>
				<key>LD_RUNPATH_SEARCH_PATHS</key>
				<string>$(inherited) @executable_path/Frameworks</string>
				<key>PRODUCT_BUNDLE_IDENTIFIER</key>
				<string>com.Exis.SpriteKitController</string>
				<key>PRODUCT_NAME</key>
				<string>$(TARGET_NAME)</string>
			</dict>
			<key>isa</key>
			<string>XCBuildConfiguration</string>
			<key>name</key>
			<string>Release</string>
		</dict>
		<key>8CCBD9A41CC6C8BD005DD501</key>
		<dict>
			<key>buildConfigurations</key>
			<array>
				<string>8CCBD9A21CC6C8BD005DD501</string>
				<string>8CCBD9A31CC6C8BD005DD501</string>
			</array>
			<key>defaultConfigurationIsVisible</key>
			<string>0</string>
			<key>isa</key>
			<string>XCConfigurationList</string>
		</dict>
		<key>9654DB5D469835E277027756</key>
		<dict>
			<key>buildActionMask</key>
			<string>2147483647</string>
			<key>files</key>
			<array/>
			<key>inputPaths</key>
			<array/>
			<key>isa</key>
			<string>PBXShellScriptBuildPhase</string>
			<key>name</key>
			<string>Embed Pods Frameworks</string>
			<key>outputPaths</key>
			<array/>
			<key>runOnlyForDeploymentPostprocessing</key>
			<string>0</string>
			<key>shellPath</key>
			<string>/bin/sh</string>
			<key>shellScript</key>
			<string>"${SRCROOT}/Pods/Target Support Files/Pods-SpriteKitController/Pods-SpriteKitController-frameworks.sh"
</string>
			<key>showEnvVarsInLog</key>
			<string>0</string>
		</dict>
		<key>9E2F4D59170EC5224BB3EB29</key>
		<dict>
			<key>children</key>
			<array>
				<string>00C79A1D2C1E9C36612F4533</string>
				<string>218FF6D3418B8EA448BB321C</string>
			</array>
			<key>isa</key>
			<string>PBXGroup</string>
			<key>name</key>
			<string>Frameworks</string>
			<key>sourceTree</key>
			<string>&lt;group&gt;</string>
		</dict>
		<key>A08B23DEBAFBD34681D1EBFD</key>
		<dict>
			<key>fileRef</key>
			<string>00C79A1D2C1E9C36612F4533</string>
			<key>isa</key>
			<string>PBXBuildFile</string>
		</dict>
		<key>AAE3D0F6A787CB2BBEE8FF7D</key>
		<dict>
			<key>includeInIndex</key>
			<string>1</string>
			<key>isa</key>
			<string>PBXFileReference</string>
			<key>lastKnownFileType</key>
			<string>text.xcconfig</string>
			<key>name</key>
			<string>Pods-SpriteKitController.release.xcconfig</string>
			<key>path</key>
			<string>Pods/Target Support Files/Pods-SpriteKitController/Pods-SpriteKitController.release.xcconfig</string>
			<key>sourceTree</key>
			<string>&lt;group&gt;</string>
		</dict>
		<key>B6A03F639582478DF5B3F387</key>
		<dict>
			<key>fileRef</key>
			<string>218FF6D3418B8EA448BB321C</string>
			<key>isa</key>
			<string>PBXBuildFile</string>
		</dict>
		<key>CE9E20012C83B9065A5AE482</key>
		<dict>
			<key>buildActionMask</key>
			<string>2147483647</string>
			<key>files</key>
			<array/>
			<key>inputPaths</key>
			<array/>
			<key>isa</key>
			<string>PBXShellScriptBuildPhase</string>
			<key>name</key>
			<string>Check Pods Manifest.lock</string>
			<key>outputPaths</key>
			<array/>
			<key>runOnlyForDeploymentPostprocessing</key>
			<string>0</string>
			<key>shellPath</key>
			<string>/bin/sh</string>
			<key>shellScript</key>
			<string>diff "${PODS_ROOT}/../Podfile.lock" "${PODS_ROOT}/Manifest.lock" &gt; /dev/null
if [[ $? != 0 ]] ; then
    cat &lt;&lt; EOM
error: The sandbox is not in sync with the Podfile.lock. Run 'pod install' or update your CocoaPods installation.
EOM
    exit 1
fi
</string>
			<key>showEnvVarsInLog</key>
			<string>0</string>
		</dict>
		<key>E98D26983B38C13C0E0BD237</key>
		<dict>
			<key>includeInIndex</key>
			<string>1</string>
			<key>isa</key>
			<string>PBXFileReference</string>
			<key>lastKnownFileType</key>
			<string>text.xcconfig</string>
			<key>name</key>
			<string>Pods-SpriteKitSimpleGame.debug.xcconfig</string>
			<key>path</key>
			<string>Pods/Target Support Files/Pods-SpriteKitSimpleGame/Pods-SpriteKitSimpleGame.debug.xcconfig</string>
			<key>sourceTree</key>
			<string>&lt;group&gt;</string>
		</dict>
		<key>FA2A28AA55CB37D1E058C8B4</key>
		<dict>
			<key>buildActionMask</key>
			<string>2147483647</string>
			<key>files</key>
			<array/>
			<key>inputPaths</key>
			<array/>
			<key>isa</key>
			<string>PBXShellScriptBuildPhase</string>
			<key>name</key>
			<string>Copy Pods Resources</string>
			<key>outputPaths</key>
			<array/>
			<key>runOnlyForDeploymentPostprocessing</key>
			<string>0</string>
			<key>shellPath</key>
			<string>/bin/sh</string>
			<key>shellScript</key>
			<string>"${SRCROOT}/Pods/Target Support Files/Pods-SpriteKitSimpleGame/Pods-SpriteKitSimpleGame-resources.sh"
</string>
			<key>showEnvVarsInLog</key>
			<string>0</string>
		</dict>
	</dict>
	<key>rootObject</key>
	<string>352F98CB1BE3D0CB001D1D3E</string>
</dict>
</plist>
