PODS:
  - Riffle (0.2.47)

DEPENDENCIES:
  - Riffle (from `https://github.com/exis-io/swiftRiffleCocoapod`, tag `0.2.47`)

EXTERNAL SOURCES:
  Riffle:
    :git: https://github.com/exis-io/swiftRiffleCocoapod
    :tag: 0.2.47

CHECKOUT OPTIONS:
  Riffle:
    :git: https://github.com/exis-io/swiftRiffleCocoapod
    :tag: 0.2.47

SPEC CHECKSUMS:
  Riffle: 2d88a5d9edb8de3ccaa73716c876ca2014add52f

COCOAPODS: 0.39.0
